# This file is @generated by PDM.
# It is not intended for manual editing.

[metadata]
groups = ["default"]
strategy = ["inherit_metadata"]
lock_version = "4.5.0"
content_hash = "sha256:dc6d3c3b4f94aa259607f4eedc269dc4397a40740b47cdee65418e5841e91da0"

[[metadata.targets]]
requires_python = "==3.12.*"

[[package]]
name = "redis"
version = "5.1.0"
requires_python = ">=3.8"
summary = "Python client for Redis database and key-value store"
groups = ["default"]
dependencies = [
    "async-timeout>=4.0.3; python_full_version < \"3.11.3\"",
]
files = [
    {file = "redis-5.1.0-py3-none-any.whl", hash = "sha256:fd4fccba0d7f6aa48c58a78d76ddb4afc698f5da4a2c1d03d916e4fd7ab88cdd"},
    {file = "redis-5.1.0.tar.gz", hash = "sha256:b756df1e4a3858fcc0ef861f3fc53623a96c41e2b1f5304e09e0fe758d333d40"},
]
